
Microsoft Visual Studio Solution File, Format Version 12.00
# Visual Studio 15
VisualStudioVersion = 15.0.28307.645
MinimumVisualStudioVersion = 10.0.40219.1
Project("{FAE04EC0-301F-11D3-BF4B-00C04F79EFBC}") = "AE_Dialogs_due", "AE_Dialogs\AE_Dialogs_due.csproj", "{32B9D1F6-492C-4B19-98A6-567357A0D889}"
EndProject
Project("{FAE04EC0-301F-11D3-BF4B-00C04F79EFBC}") = "Test", "Test\Test.csproj", "{593D6707-0213-451F-89F2-5FE8F5BF21DD}"
EndProject
Global
	GlobalSection(SolutionConfigurationPlatforms) = preSolution
		Debug|Any CPU = Debug|Any CPU
		Debug|Mixed Platforms = Debug|Mixed Platforms
		Debug|x86 = Debug|x86
		Release|Any CPU = Release|Any CPU
		Release|Mixed Platforms = Release|Mixed Platforms
		Release|x86 = Release|x86
	EndGlobalSection
	GlobalSection(ProjectConfigurationPlatforms) = postSolution
		{32B9D1F6-492C-4B19-98A6-567357A0D889}.Debug|Any CPU.ActiveCfg = Debug|Any CPU
		{32B9D1F6-492C-4B19-98A6-567357A0D889}.Debug|Any CPU.Build.0 = Debug|Any CPU
		{32B9D1F6-492C-4B19-98A6-567357A0D889}.Debug|Mixed Platforms.ActiveCfg = Debug|Any CPU
		{32B9D1F6-492C-4B19-98A6-567357A0D889}.Debug|Mixed Platforms.Build.0 = Debug|Any CPU
		{32B9D1F6-492C-4B19-98A6-567357A0D889}.Debug|x86.ActiveCfg = Debug|x86
		{32B9D1F6-492C-4B19-98A6-567357A0D889}.Debug|x86.Build.0 = Debug|x86
		{32B9D1F6-492C-4B19-98A6-567357A0D889}.Release|Any CPU.ActiveCfg = Release|Any CPU
		{32B9D1F6-492C-4B19-98A6-567357A0D889}.Release|Any CPU.Build.0 = Release|Any CPU
		{32B9D1F6-492C-4B19-98A6-567357A0D889}.Release|Mixed Platforms.ActiveCfg = Release|Any CPU
		{32B9D1F6-492C-4B19-98A6-567357A0D889}.Release|Mixed Platforms.Build.0 = Release|Any CPU
		{32B9D1F6-492C-4B19-98A6-567357A0D889}.Release|x86.ActiveCfg = Release|x86
		{32B9D1F6-492C-4B19-98A6-567357A0D889}.Release|x86.Build.0 = Release|x86
		{593D6707-0213-451F-89F2-5FE8F5BF21DD}.Debug|Any CPU.ActiveCfg = Debug|x86
		{593D6707-0213-451F-89F2-5FE8F5BF21DD}.Debug|Mixed Platforms.ActiveCfg = Debug|x86
		{593D6707-0213-451F-89F2-5FE8F5BF21DD}.Debug|Mixed Platforms.Build.0 = Debug|x86
		{593D6707-0213-451F-89F2-5FE8F5BF21DD}.Debug|x86.ActiveCfg = Debug|x86
		{593D6707-0213-451F-89F2-5FE8F5BF21DD}.Debug|x86.Build.0 = Debug|x86
		{593D6707-0213-451F-89F2-5FE8F5BF21DD}.Release|Any CPU.ActiveCfg = Release|x86
		{593D6707-0213-451F-89F2-5FE8F5BF21DD}.Release|Mixed Platforms.ActiveCfg = Release|x86
		{593D6707-0213-451F-89F2-5FE8F5BF21DD}.Release|Mixed Platforms.Build.0 = Release|x86
		{593D6707-0213-451F-89F2-5FE8F5BF21DD}.Release|x86.ActiveCfg = Release|x86
		{593D6707-0213-451F-89F2-5FE8F5BF21DD}.Release|x86.Build.0 = Release|x86
	EndGlobalSection
	GlobalSection(SolutionProperties) = preSolution
		HideSolutionNode = FALSE
	EndGlobalSection
	GlobalSection(ExtensibilityGlobals) = postSolution
		SolutionGuid = {66E557C2-7F39-45E9-85AA-42B105ACC957}
	EndGlobalSection
EndGlobal
